
Microsoft Visual Studio Solution File, Format Version 12.00
# Visual Studio Version 16
VisualStudioVersion = 16.0.29009.5
MinimumVisualStudioVersion = 10.0.40219.1
Project("{9A19103F-16F7-4668-BE54-9A1E7A4F7556}") = "Quote.Api", "Quote.Api\Quote.Api.csproj", "{E2678A37-6BF6-4D0B-A823-276885841CC5}"
EndProject
Project("{9A19103F-16F7-4668-BE54-9A1E7A4F7556}") = "Quote.Data", "Quote.Data\Quote.Data.csproj", "{501BB07E-4FEE-40AC-9FC9-B57C24B9CE26}"
EndProject
Project("{9A19103F-16F7-4668-BE54-9A1E7A4F7556}") = "Quote.Business", "Quote.Business\Quote.Business.csproj", "{BC8109F8-3F66-4803-8DBC-68F035944D7C}"
EndProject
Project("{9A19103F-16F7-4668-BE54-9A1E7A4F7556}") = "Quote.Tests", "Quote.Tests\Quote.Tests.csproj", "{160845F8-C77E-47AC-B4C5-9E922B3B02E1}"
EndProject
Project("{2150E333-8FDC-42A3-9474-1A3956D46DE8}") = "Solution Items", "Solution Items", "{F08CD440-9987-45FB-9B6B-63CAD8001F99}"
	ProjectSection(SolutionItems) = preProject
		..\README.md = ..\README.md
		Version.cs = Version.cs
	EndProjectSection
EndProject
Project("{9A19103F-16F7-4668-BE54-9A1E7A4F7556}") = "Quote.Importer", "Quote.Importer\Quote.Importer.csproj", "{E84DE04E-1381-406D-8000-B878A1AC2DBD}"
EndProject
Project("{9A19103F-16F7-4668-BE54-9A1E7A4F7556}") = "Quote.ML", "Quote.ML\Quote.ML.csproj", "{20997F6B-F7BF-4E53-B0FF-7487286A4DEB}"
EndProject
Project("{2150E333-8FDC-42A3-9474-1A3956D46DE8}") = "scripts", "scripts", "{3F211980-69E3-48E0-8547-E77CEF1D9B78}"
	ProjectSection(SolutionItems) = preProject
		..\scripts\build-docker.ps1 = ..\scripts\build-docker.ps1
		..\scripts\build-docker.sh = ..\scripts\build-api-docker.sh
		..\scripts\run-db-in-docker.sh = ..\scripts\run-db-in-docker.sh
	EndProjectSection
EndProject
Global
	GlobalSection(SolutionConfigurationPlatforms) = preSolution
		Debug|Any CPU = Debug|Any CPU
		Release|Any CPU = Release|Any CPU
	EndGlobalSection
	GlobalSection(ProjectConfigurationPlatforms) = postSolution
		{E2678A37-6BF6-4D0B-A823-276885841CC5}.Debug|Any CPU.ActiveCfg = Debug|Any CPU
		{E2678A37-6BF6-4D0B-A823-276885841CC5}.Debug|Any CPU.Build.0 = Debug|Any CPU
		{E2678A37-6BF6-4D0B-A823-276885841CC5}.Release|Any CPU.ActiveCfg = Release|Any CPU
		{E2678A37-6BF6-4D0B-A823-276885841CC5}.Release|Any CPU.Build.0 = Release|Any CPU
		{501BB07E-4FEE-40AC-9FC9-B57C24B9CE26}.Debug|Any CPU.ActiveCfg = Debug|Any CPU
		{501BB07E-4FEE-40AC-9FC9-B57C24B9CE26}.Debug|Any CPU.Build.0 = Debug|Any CPU
		{501BB07E-4FEE-40AC-9FC9-B57C24B9CE26}.Release|Any CPU.ActiveCfg = Release|Any CPU
		{501BB07E-4FEE-40AC-9FC9-B57C24B9CE26}.Release|Any CPU.Build.0 = Release|Any CPU
		{BC8109F8-3F66-4803-8DBC-68F035944D7C}.Debug|Any CPU.ActiveCfg = Debug|Any CPU
		{BC8109F8-3F66-4803-8DBC-68F035944D7C}.Debug|Any CPU.Build.0 = Debug|Any CPU
		{BC8109F8-3F66-4803-8DBC-68F035944D7C}.Release|Any CPU.ActiveCfg = Release|Any CPU
		{BC8109F8-3F66-4803-8DBC-68F035944D7C}.Release|Any CPU.Build.0 = Release|Any CPU
		{160845F8-C77E-47AC-B4C5-9E922B3B02E1}.Debug|Any CPU.ActiveCfg = Debug|Any CPU
		{160845F8-C77E-47AC-B4C5-9E922B3B02E1}.Debug|Any CPU.Build.0 = Debug|Any CPU
		{160845F8-C77E-47AC-B4C5-9E922B3B02E1}.Release|Any CPU.ActiveCfg = Release|Any CPU
		{160845F8-C77E-47AC-B4C5-9E922B3B02E1}.Release|Any CPU.Build.0 = Release|Any CPU
		{E84DE04E-1381-406D-8000-B878A1AC2DBD}.Debug|Any CPU.ActiveCfg = Debug|Any CPU
		{E84DE04E-1381-406D-8000-B878A1AC2DBD}.Debug|Any CPU.Build.0 = Debug|Any CPU
		{E84DE04E-1381-406D-8000-B878A1AC2DBD}.Release|Any CPU.ActiveCfg = Release|Any CPU
		{E84DE04E-1381-406D-8000-B878A1AC2DBD}.Release|Any CPU.Build.0 = Release|Any CPU
		{20997F6B-F7BF-4E53-B0FF-7487286A4DEB}.Debug|Any CPU.ActiveCfg = Debug|Any CPU
		{20997F6B-F7BF-4E53-B0FF-7487286A4DEB}.Debug|Any CPU.Build.0 = Debug|Any CPU
		{20997F6B-F7BF-4E53-B0FF-7487286A4DEB}.Release|Any CPU.ActiveCfg = Release|Any CPU
		{20997F6B-F7BF-4E53-B0FF-7487286A4DEB}.Release|Any CPU.Build.0 = Release|Any CPU
	EndGlobalSection
	GlobalSection(SolutionProperties) = preSolution
		HideSolutionNode = FALSE
	EndGlobalSection
	GlobalSection(NestedProjects) = preSolution
		{3F211980-69E3-48E0-8547-E77CEF1D9B78} = {F08CD440-9987-45FB-9B6B-63CAD8001F99}
	EndGlobalSection
	GlobalSection(ExtensibilityGlobals) = postSolution
		SolutionGuid = {342E4357-F8CC-4F96-8DE1-04D727E7B4CF}
	EndGlobalSection
EndGlobal
